// !$*UTF8*$!
{
	archiveVersion = 1;
	classes = {
	};
	objectVersion = 46;
	objects = {

/* Begin PBXBuildFile section */
		8A0043851C70C51700F26F64 /* AiffReader.cpp in Sources */ = {isa = PBXBuildFile; fileRef = 8A0043831C70C51700F26F64 /* AiffReader.cpp */; };
		8A0043861C70C51700F26F64 /* AiffReader.cpp in Sources */ = {isa = PBXBuildFile; fileRef = 8A0043831C70C51700F26F64 /* AiffReader.cpp */; };
		8A0043871C70C51700F26F64 /* AiffReader.cpp in Sources */ = {isa = PBXBuildFile; fileRef = 8A0043831C70C51700F26F64 /* AiffReader.cpp */; };
		8A1C21BD1C81F2ED002DBE53 /* IffChunkHeader.cpp in Sources */ = {isa = PBXBuildFile; fileRef = 8A1C21BB1C81F2ED002DBE53 /* IffChunkHeader.cpp */; };
		8A1C21BE1C81F2ED002DBE53 /* IffChunkHeader.cpp in Sources */ = {isa = PBXBuildFile; fileRef = 8A1C21BB1C81F2ED002DBE53 /* IffChunkHeader.cpp */; };
		8A1C21BF1C81F2ED002DBE53 /* IffChunkHeader.cpp in Sources */ = {isa = PBXBuildFile; fileRef = 8A1C21BB1C81F2ED002DBE53 /* IffChunkHeader.cpp */; };
		8A1C21C01C81F2ED002DBE53 /* IffChunkHeader.cpp in Sources */ = {isa = PBXBuildFile; fileRef = 8A1C21BB1C81F2ED002DBE53 /* IffChunkHeader.cpp */; };
		8AB65DA91C5526F00061209E /* AudioTripperTests.cpp in Sources */ = {isa = PBXBuildFile; fileRef = 8AB65DA71C5526F00061209E /* AudioTripperTests.cpp */; };
		8AB65DAC1C552AAA0061209E /* AudioTripper.cpp in Sources */ = {isa = PBXBuildFile; fileRef = 8AB65DAA1C552AAA0061209E /* AudioTripper.cpp */; };
		8AB65DAD1C552AAA0061209E /* AudioTripper.cpp in Sources */ = {isa = PBXBuildFile; fileRef = 8AB65DAA1C552AAA0061209E /* AudioTripper.cpp */; };
		8AB65DAE1C552AAA0061209E /* AudioTripper.cpp in Sources */ = {isa = PBXBuildFile; fileRef = 8AB65DAA1C552AAA0061209E /* AudioTripper.cpp */; };
		8AC5467C1C5149DB00C33F24 /* AppDelegate.swift in Sources */ = {isa = PBXBuildFile; fileRef = 8AC5467B1C5149DB00C33F24 /* AppDelegate.swift */; };
		8AC5467E1C5149DB00C33F24 /* ViewController.swift in Sources */ = {isa = PBXBuildFile; fileRef = 8AC5467D1C5149DB00C33F24 /* ViewController.swift */; };
		8AC546801C5149DB00C33F24 /* Assets.xcassets in Resources */ = {isa = PBXBuildFile; fileRef = 8AC5467F1C5149DB00C33F24 /* Assets.xcassets */; };
		8AC546831C5149DB00C33F24 /* Main.storyboard in Resources */ = {isa = PBXBuildFile; fileRef = 8AC546811C5149DB00C33F24 /* Main.storyboard */; };
		8AC5468E1C5149DB00C33F24 /* AudioTripTests.swift in Sources */ = {isa = PBXBuildFile; fileRef = 8AC5468D1C5149DB00C33F24 /* AudioTripTests.swift */; };
		8AC546991C5149DB00C33F24 /* AudioTripUITests.swift in Sources */ = {isa = PBXBuildFile; fileRef = 8AC546981C5149DB00C33F24 /* AudioTripUITests.swift */; };
		8AC546AA1C514E5700C33F24 /* Hello.cpp in Sources */ = {isa = PBXBuildFile; fileRef = 8AC546A81C514E5700C33F24 /* Hello.cpp */; };
		8AC546AB1C514E5700C33F24 /* Hello.cpp in Sources */ = {isa = PBXBuildFile; fileRef = 8AC546A81C514E5700C33F24 /* Hello.cpp */; };
		8ACB22DD1C51744C00ECAB9F /* main.cpp in Sources */ = {isa = PBXBuildFile; fileRef = 8ACB22DC1C51744C00ECAB9F /* main.cpp */; };
		8ACB22E31C51762600ECAB9F /* catch.hpp in Sources */ = {isa = PBXBuildFile; fileRef = 8ACB22E21C5174D000ECAB9F /* catch.hpp */; };
		8ACB22E41C51762600ECAB9F /* HelloCppTests.cpp in Sources */ = {isa = PBXBuildFile; fileRef = 8ACB22E11C5174B100ECAB9F /* HelloCppTests.cpp */; };
		8ACB22E51C5176A100ECAB9F /* Hello.cpp in Sources */ = {isa = PBXBuildFile; fileRef = 8AC546A81C514E5700C33F24 /* Hello.cpp */; };
		8ACB22E61C5176A100ECAB9F /* HelloCppBridge.h in Sources */ = {isa = PBXBuildFile; fileRef = 8AC546AC1C51536500C33F24 /* HelloCppBridge.h */; };
		8ACB22EA1C52A14300ECAB9F /* TestClass.cpp in Sources */ = {isa = PBXBuildFile; fileRef = 8ACB22E81C52A14300ECAB9F /* TestClass.cpp */; };
		8ACB22EB1C52A14300ECAB9F /* TestClass.cpp in Sources */ = {isa = PBXBuildFile; fileRef = 8ACB22E81C52A14300ECAB9F /* TestClass.cpp */; };
		8ACB22EC1C52A14300ECAB9F /* TestClass.cpp in Sources */ = {isa = PBXBuildFile; fileRef = 8ACB22E81C52A14300ECAB9F /* TestClass.cpp */; };
/* End PBXBuildFile section */

/* Begin PBXContainerItemProxy section */
		8AC5468A1C5149DB00C33F24 /* PBXContainerItemProxy */ = {
			isa = PBXContainerItemProxy;
			containerPortal = 8AC546701C5149DA00C33F24 /* Project object */;
			proxyType = 1;
			remoteGlobalIDString = 8AC546771C5149DA00C33F24;
			remoteInfo = AudioTrip;
		};
		8AC546951C5149DB00C33F24 /* PBXContainerItemProxy */ = {
			isa = PBXContainerItemProxy;
			containerPortal = 8AC546701C5149DA00C33F24 /* Project object */;
			proxyType = 1;
			remoteGlobalIDString = 8AC546771C5149DA00C33F24;
			remoteInfo = AudioTrip;
		};
/* End PBXContainerItemProxy section */

/* Begin PBXCopyFilesBuildPhase section */
		8ACB22D81C51744C00ECAB9F /* CopyFiles */ = {
			isa = PBXCopyFilesBuildPhase;
			buildActionMask = 2147483647;
			dstPath = /usr/share/man/man1/;
			dstSubfolderSpec = 0;
			files = (
			);
			runOnlyForDeploymentPostprocessing = 1;
		};
/* End PBXCopyFilesBuildPhase section */

/* Begin PBXFileReference section */
		8A0043831C70C51700F26F64 /* AiffReader.cpp */ = {isa = PBXFileReference; fileEncoding = 4; lastKnownFileType = sourcecode.cpp.cpp; path = AiffReader.cpp; sourceTree = "<group>"; };
		8A0043841C70C51700F26F64 /* AiffReader.hpp */ = {isa = PBXFileReference; fileEncoding = 4; lastKnownFileType = sourcecode.cpp.h; path = AiffReader.hpp; sourceTree = "<group>"; };
		8A1C21BB1C81F2ED002DBE53 /* IffChunkHeader.cpp */ = {isa = PBXFileReference; fileEncoding = 4; lastKnownFileType = sourcecode.cpp.cpp; path = IffChunkHeader.cpp; sourceTree = "<group>"; };
		8A1C21BC1C81F2ED002DBE53 /* IffChunkHeader.hpp */ = {isa = PBXFileReference; fileEncoding = 4; lastKnownFileType = sourcecode.cpp.h; path = IffChunkHeader.hpp; sourceTree = "<group>"; };
		8A1C21C11C81F542002DBE53 /* CommonChunk.h */ = {isa = PBXFileReference; fileEncoding = 4; lastKnownFileType = sourcecode.c.h; path = CommonChunk.h; sourceTree = "<group>"; };
		8AB65DA71C5526F00061209E /* AudioTripperTests.cpp */ = {isa = PBXFileReference; fileEncoding = 4; lastKnownFileType = sourcecode.cpp.cpp; path = AudioTripperTests.cpp; sourceTree = "<group>"; };
		8AB65DAA1C552AAA0061209E /* AudioTripper.cpp */ = {isa = PBXFileReference; fileEncoding = 4; lastKnownFileType = sourcecode.cpp.cpp; path = AudioTripper.cpp; sourceTree = "<group>"; };
		8AB65DAB1C552AAA0061209E /* AudioTripper.hpp */ = {isa = PBXFileReference; fileEncoding = 4; lastKnownFileType = sourcecode.cpp.h; path = AudioTripper.hpp; sourceTree = "<group>"; };
		8AB65DAF1C5574AC0061209E /* fixtures */ = {isa = PBXFileReference; lastKnownFileType = folder; path = fixtures; sourceTree = "<group>"; };
		8AC546781C5149DB00C33F24 /* AudioTrip.app */ = {isa = PBXFileReference; explicitFileType = wrapper.application; includeInIndex = 0; path = AudioTrip.app; sourceTree = BUILT_PRODUCTS_DIR; };
		8AC5467B1C5149DB00C33F24 /* AppDelegate.swift */ = {isa = PBXFileReference; lastKnownFileType = sourcecode.swift; path = AppDelegate.swift; sourceTree = "<group>"; };
		8AC5467D1C5149DB00C33F24 /* ViewController.swift */ = {isa = PBXFileReference; lastKnownFileType = sourcecode.swift; path = ViewController.swift; sourceTree = "<group>"; };
		8AC5467F1C5149DB00C33F24 /* Assets.xcassets */ = {isa = PBXFileReference; lastKnownFileType = folder.assetcatalog; path = Assets.xcassets; sourceTree = "<group>"; };
		8AC546821C5149DB00C33F24 /* Base */ = {isa = PBXFileReference; lastKnownFileType = file.storyboard; name = Base; path = Base.lproj/Main.storyboard; sourceTree = "<group>"; };
		8AC546841C5149DB00C33F24 /* Info.plist */ = {isa = PBXFileReference; lastKnownFileType = text.plist.xml; path = Info.plist; sourceTree = "<group>"; };
		8AC546891C5149DB00C33F24 /* AudioTripTests.xctest */ = {isa = PBXFileReference; explicitFileType = wrapper.cfbundle; includeInIndex = 0; path = AudioTripTests.xctest; sourceTree = BUILT_PRODUCTS_DIR; };
		8AC5468D1C5149DB00C33F24 /* AudioTripTests.swift */ = {isa = PBXFileReference; lastKnownFileType = sourcecode.swift; path = AudioTripTests.swift; sourceTree = "<group>"; };
		8AC5468F1C5149DB00C33F24 /* Info.plist */ = {isa = PBXFileReference; lastKnownFileType = text.plist.xml; path = Info.plist; sourceTree = "<group>"; };
		8AC546941C5149DB00C33F24 /* AudioTripUITests.xctest */ = {isa = PBXFileReference; explicitFileType = wrapper.cfbundle; includeInIndex = 0; path = AudioTripUITests.xctest; sourceTree = BUILT_PRODUCTS_DIR; };
		8AC546981C5149DB00C33F24 /* AudioTripUITests.swift */ = {isa = PBXFileReference; lastKnownFileType = sourcecode.swift; path = AudioTripUITests.swift; sourceTree = "<group>"; };
		8AC5469A1C5149DB00C33F24 /* Info.plist */ = {isa = PBXFileReference; lastKnownFileType = text.plist.xml; path = Info.plist; sourceTree = "<group>"; };
		8AC546A61C514E5600C33F24 /* AudioTrip-Bridging-Header.h */ = {isa = PBXFileReference; lastKnownFileType = sourcecode.c.h; path = "AudioTrip-Bridging-Header.h"; sourceTree = "<group>"; };
		8AC546A71C514E5600C33F24 /* AudioTripTests-Bridging-Header.h */ = {isa = PBXFileReference; lastKnownFileType = sourcecode.c.h; path = "AudioTripTests-Bridging-Header.h"; sourceTree = "<group>"; };
		8AC546A81C514E5700C33F24 /* Hello.cpp */ = {isa = PBXFileReference; fileEncoding = 4; lastKnownFileType = sourcecode.cpp.cpp; path = Hello.cpp; sourceTree = "<group>"; };
		8AC546AC1C51536500C33F24 /* HelloCppBridge.h */ = {isa = PBXFileReference; fileEncoding = 4; lastKnownFileType = sourcecode.c.h; path = HelloCppBridge.h; sourceTree = "<group>"; };
		8ACB22DA1C51744C00ECAB9F /* CPlusPlusTests */ = {isa = PBXFileReference; explicitFileType = "compiled.mach-o.executable"; includeInIndex = 0; path = CPlusPlusTests; sourceTree = BUILT_PRODUCTS_DIR; };
		8ACB22DC1C51744C00ECAB9F /* main.cpp */ = {isa = PBXFileReference; lastKnownFileType = sourcecode.cpp.cpp; path = main.cpp; sourceTree = "<group>"; };
		8ACB22E11C5174B100ECAB9F /* HelloCppTests.cpp */ = {isa = PBXFileReference; fileEncoding = 4; lastKnownFileType = sourcecode.cpp.cpp; path = HelloCppTests.cpp; sourceTree = "<group>"; };
		8ACB22E21C5174D000ECAB9F /* catch.hpp */ = {isa = PBXFileReference; fileEncoding = 4; lastKnownFileType = sourcecode.cpp.h; path = catch.hpp; sourceTree = "<group>"; };
		8ACB22E81C52A14300ECAB9F /* TestClass.cpp */ = {isa = PBXFileReference; fileEncoding = 4; lastKnownFileType = sourcecode.cpp.cpp; path = TestClass.cpp; sourceTree = "<group>"; };
		8ACB22E91C52A14300ECAB9F /* TestClass.hpp */ = {isa = PBXFileReference; fileEncoding = 4; lastKnownFileType = sourcecode.cpp.h; path = TestClass.hpp; sourceTree = "<group>"; };
/* End PBXFileReference section */

/* Begin PBXFrameworksBuildPhase section */
		8AC546751C5149DA00C33F24 /* Frameworks */ = {
			isa = PBXFrameworksBuildPhase;
			buildActionMask = 2147483647;
			files = (
			);
			runOnlyForDeploymentPostprocessing = 0;
		};
		8AC546861C5149DB00C33F24 /* Frameworks */ = {
			isa = PBXFrameworksBuildPhase;
			buildActionMask = 2147483647;
			files = (
			);
			runOnlyForDeploymentPostprocessing = 0;
		};
		8AC546911C5149DB00C33F24 /* Frameworks */ = {
			isa = PBXFrameworksBuildPhase;
			buildActionMask = 2147483647;
			files = (
			);
			runOnlyForDeploymentPostprocessing = 0;
		};
		8ACB22D71C51744C00ECAB9F /* Frameworks */ = {
			isa = PBXFrameworksBuildPhase;
			buildActionMask = 2147483647;
			files = (
			);
			runOnlyForDeploymentPostprocessing = 0;
		};
/* End PBXFrameworksBuildPhase section */

/* Begin PBXGroup section */
		8A1C21BA1C81F2A5002DBE53 /* AiffReader */ = {
			isa = PBXGroup;
			children = (
				8A0043831C70C51700F26F64 /* AiffReader.cpp */,
				8A0043841C70C51700F26F64 /* AiffReader.hpp */,
				8A1C21BB1C81F2ED002DBE53 /* IffChunkHeader.cpp */,
				8A1C21BC1C81F2ED002DBE53 /* IffChunkHeader.hpp */,
				8A1C21C11C81F542002DBE53 /* CommonChunk.h */,
			);
			name = AiffReader;
			sourceTree = "<group>";
		};
		8AC5466F1C5149DA00C33F24 = {
			isa = PBXGroup;
			children = (
				8AC5467A1C5149DB00C33F24 /* AudioTrip */,
				8AC5468C1C5149DB00C33F24 /* AudioTripTests */,
				8AC546971C5149DB00C33F24 /* AudioTripUITests */,
				8ACB22DB1C51744C00ECAB9F /* CPlusPlusTests */,
				8AC546791C5149DB00C33F24 /* Products */,
			);
			sourceTree = "<group>";
		};
		8AC546791C5149DB00C33F24 /* Products */ = {
			isa = PBXGroup;
			children = (
				8AC546781C5149DB00C33F24 /* AudioTrip.app */,
				8AC546891C5149DB00C33F24 /* AudioTripTests.xctest */,
				8AC546941C5149DB00C33F24 /* AudioTripUITests.xctest */,
				8ACB22DA1C51744C00ECAB9F /* CPlusPlusTests */,
			);
			name = Products;
			sourceTree = "<group>";
		};
		8AC5467A1C5149DB00C33F24 /* AudioTrip */ = {
			isa = PBXGroup;
			children = (
				8AC546811C5149DB00C33F24 /* Main.storyboard */,
				8AC5467B1C5149DB00C33F24 /* AppDelegate.swift */,
				8AC5467D1C5149DB00C33F24 /* ViewController.swift */,
				8AC5467F1C5149DB00C33F24 /* Assets.xcassets */,
				8AC546841C5149DB00C33F24 /* Info.plist */,
				8ACB22E71C52A11F00ECAB9F /* Cpp */,
				8AC546A81C514E5700C33F24 /* Hello.cpp */,
				8AC546AC1C51536500C33F24 /* HelloCppBridge.h */,
				8AC546A61C514E5600C33F24 /* AudioTrip-Bridging-Header.h */,
				8AC546A71C514E5600C33F24 /* AudioTripTests-Bridging-Header.h */,
			);
			path = AudioTrip;
			sourceTree = "<group>";
		};
		8AC5468C1C5149DB00C33F24 /* AudioTripTests */ = {
			isa = PBXGroup;
			children = (
				8AC5468D1C5149DB00C33F24 /* AudioTripTests.swift */,
				8AC5468F1C5149DB00C33F24 /* Info.plist */,
			);
			path = AudioTripTests;
			sourceTree = "<group>";
		};
		8AC546971C5149DB00C33F24 /* AudioTripUITests */ = {
			isa = PBXGroup;
			children = (
				8AC546981C5149DB00C33F24 /* AudioTripUITests.swift */,
				8AC5469A1C5149DB00C33F24 /* Info.plist */,
			);
			path = AudioTripUITests;
			sourceTree = "<group>";
		};
		8ACB22DB1C51744C00ECAB9F /* CPlusPlusTests */ = {
			isa = PBXGroup;
			children = (
				8ACB22E21C5174D000ECAB9F /* catch.hpp */,
				8AB65DAF1C5574AC0061209E /* fixtures */,
				8ACB22E11C5174B100ECAB9F /* HelloCppTests.cpp */,
				8AB65DA71C5526F00061209E /* AudioTripperTests.cpp */,
				8ACB22DC1C51744C00ECAB9F /* main.cpp */,
			);
			path = CPlusPlusTests;
			sourceTree = "<group>";
		};
		8ACB22E71C52A11F00ECAB9F /* Cpp */ = {
			isa = PBXGroup;
			children = (
				8A1C21BA1C81F2A5002DBE53 /* AiffReader */,
				8ACB22E81C52A14300ECAB9F /* TestClass.cpp */,
				8ACB22E91C52A14300ECAB9F /* TestClass.hpp */,
				8AB65DAA1C552AAA0061209E /* AudioTripper.cpp */,
				8AB65DAB1C552AAA0061209E /* AudioTripper.hpp */,
			);
			name = Cpp;
			sourceTree = "<group>";
		};
/* End PBXGroup section */

/* Begin PBXNativeTarget section */
		8AC546771C5149DA00C33F24 /* AudioTrip */ = {
			isa = PBXNativeTarget;
			buildConfigurationList = 8AC5469D1C5149DB00C33F24 /* Build configuration list for PBXNativeTarget "AudioTrip" */;
			buildPhases = (
				8AC546741C5149DA00C33F24 /* Sources */,
				8AC546751C5149DA00C33F24 /* Frameworks */,
				8AC546761C5149DA00C33F24 /* Resources */,
			);
			buildRules = (
			);
			dependencies = (
			);
			name = AudioTrip;
			productName = AudioTrip;
			productReference = 8AC546781C5149DB00C33F24 /* AudioTrip.app */;
			productType = "com.apple.product-type.application";
		};
		8AC546881C5149DB00C33F24 /* AudioTripTests */ = {
			isa = PBXNativeTarget;
			buildConfigurationList = 8AC546A01C5149DB00C33F24 /* Build configuration list for PBXNativeTarget "AudioTripTests" */;
			buildPhases = (
				8AC546851C5149DB00C33F24 /* Sources */,
				8AC546861C5149DB00C33F24 /* Frameworks */,
				8AC546871C5149DB00C33F24 /* Resources */,
			);
			buildRules = (
			);
			dependencies = (
				8AC5468B1C5149DB00C33F24 /* PBXTargetDependency */,
			);
			name = AudioTripTests;
			productName = AudioTripTests;
			productReference = 8AC546891C5149DB00C33F24 /* AudioTripTests.xctest */;
			productType = "com.apple.product-type.bundle.unit-test";
		};
		8AC546931C5149DB00C33F24 /* AudioTripUITests */ = {
			isa = PBXNativeTarget;
			buildConfigurationList = 8AC546A31C5149DB00C33F24 /* Build configuration list for PBXNativeTarget "AudioTripUITests" */;
			buildPhases = (
				8AC546901C5149DB00C33F24 /* Sources */,
				8AC546911C5149DB00C33F24 /* Frameworks */,
				8AC546921C5149DB00C33F24 /* Resources */,
			);
			buildRules = (
			);
			dependencies = (
				8AC546961C5149DB00C33F24 /* PBXTargetDependency */,
			);
			name = AudioTripUITests;
			productName = AudioTripUITests;
			productReference = 8AC546941C5149DB00C33F24 /* AudioTripUITests.xctest */;
			productType = "com.apple.product-type.bundle.ui-testing";
		};
		8ACB22D91C51744C00ECAB9F /* CPlusPlusTests */ = {
			isa = PBXNativeTarget;
			buildConfigurationList = 8ACB22DE1C51744C00ECAB9F /* Build configuration list for PBXNativeTarget "CPlusPlusTests" */;
			buildPhases = (
				8ACB22D61C51744C00ECAB9F /* Sources */,
				8ACB22D71C51744C00ECAB9F /* Frameworks */,
				8ACB22D81C51744C00ECAB9F /* CopyFiles */,
			);
			buildRules = (
			);
			dependencies = (
			);
			name = CPlusPlusTests;
			productName = CPlusPlusTests;
			productReference = 8ACB22DA1C51744C00ECAB9F /* CPlusPlusTests */;
			productType = "com.apple.product-type.tool";
		};
/* End PBXNativeTarget section */

/* Begin PBXProject section */
		8AC546701C5149DA00C33F24 /* Project object */ = {
			isa = PBXProject;
			attributes = {
				LastSwiftUpdateCheck = 0720;
				LastUpgradeCheck = 0720;
				ORGANIZATIONNAME = "James Cox-Morton";
				TargetAttributes = {
					8AC546771C5149DA00C33F24 = {
						CreatedOnToolsVersion = 7.2;
					};
					8AC546881C5149DB00C33F24 = {
						CreatedOnToolsVersion = 7.2;
						TestTargetID = 8AC546771C5149DA00C33F24;
					};
					8AC546931C5149DB00C33F24 = {
						CreatedOnToolsVersion = 7.2;
						TestTargetID = 8AC546771C5149DA00C33F24;
					};
					8ACB22D91C51744C00ECAB9F = {
						CreatedOnToolsVersion = 7.2;
					};
				};
			};
			buildConfigurationList = 8AC546731C5149DA00C33F24 /* Build configuration list for PBXProject "AudioTrip" */;
			compatibilityVersion = "Xcode 3.2";
			developmentRegion = English;
			hasScannedForEncodings = 0;
			knownRegions = (
				en,
				Base,
			);
			mainGroup = 8AC5466F1C5149DA00C33F24;
			productRefGroup = 8AC546791C5149DB00C33F24 /* Products */;
			projectDirPath = "";
			projectRoot = "";
			targets = (
				8AC546771C5149DA00C33F24 /* AudioTrip */,
				8AC546881C5149DB00C33F24 /* AudioTripTests */,
				8AC546931C5149DB00C33F24 /* AudioTripUITests */,
				8ACB22D91C51744C00ECAB9F /* CPlusPlusTests */,
			);
		};
/* End PBXProject section */

/* Begin PBXResourcesBuildPhase section */
		8AC546761C5149DA00C33F24 /* Resources */ = {
			isa = PBXResourcesBuildPhase;
			buildActionMask = 2147483647;
			files = (
				8AC546801C5149DB00C33F24 /* Assets.xcassets in Resources */,
				8AC546831C5149DB00C33F24 /* Main.storyboard in Resources */,
			);
			runOnlyForDeploymentPostprocessing = 0;
		};
		8AC546871C5149DB00C33F24 /* Resources */ = {
			isa = PBXResourcesBuildPhase;
			buildActionMask = 2147483647;
			files = (
			);
			runOnlyForDeploymentPostprocessing = 0;
		};
		8AC546921C5149DB00C33F24 /* Resources */ = {
			isa = PBXResourcesBuildPhase;
			buildActionMask = 2147483647;
			files = (
			);
			runOnlyForDeploymentPostprocessing = 0;
		};
/* End PBXResourcesBuildPhase section */

/* Begin PBXSourcesBuildPhase section */
		8AC546741C5149DA00C33F24 /* Sources */ = {
			isa = PBXSourcesBuildPhase;
			buildActionMask = 2147483647;
			files = (
				8ACB22EA1C52A14300ECAB9F /* TestClass.cpp in Sources */,
				8AC546AA1C514E5700C33F24 /* Hello.cpp in Sources */,
				8AC5467E1C5149DB00C33F24 /* ViewController.swift in Sources */,
				8AC5467C1C5149DB00C33F24 /* AppDelegate.swift in Sources */,
				8A0043851C70C51700F26F64 /* AiffReader.cpp in Sources */,
				8AB65DAC1C552AAA0061209E /* AudioTripper.cpp in Sources */,
				8A1C21BD1C81F2ED002DBE53 /* IffChunkHeader.cpp in Sources */,
			);
			runOnlyForDeploymentPostprocessing = 0;
		};
		8AC546851C5149DB00C33F24 /* Sources */ = {
			isa = PBXSourcesBuildPhase;
			buildActionMask = 2147483647;
			files = (
				8ACB22EB1C52A14300ECAB9F /* TestClass.cpp in Sources */,
				8AB65DAD1C552AAA0061209E /* AudioTripper.cpp in Sources */,
				8AC546AB1C514E5700C33F24 /* Hello.cpp in Sources */,
				8AC5468E1C5149DB00C33F24 /* AudioTripTests.swift in Sources */,
				8A1C21BE1C81F2ED002DBE53 /* IffChunkHeader.cpp in Sources */,
				8A0043861C70C51700F26F64 /* AiffReader.cpp in Sources */,
			);
			runOnlyForDeploymentPostprocessing = 0;
		};
		8AC546901C5149DB00C33F24 /* Sources */ = {
			isa = PBXSourcesBuildPhase;
			buildActionMask = 2147483647;
			files = (
				8A1C21BF1C81F2ED002DBE53 /* IffChunkHeader.cpp in Sources */,
				8AC546991C5149DB00C33F24 /* AudioTripUITests.swift in Sources */,
			);
			runOnlyForDeploymentPostprocessing = 0;
		};
		8ACB22D61C51744C00ECAB9F /* Sources */ = {
			isa = PBXSourcesBuildPhase;
			buildActionMask = 2147483647;
			files = (
				8A1C21C01C81F2ED002DBE53 /* IffChunkHeader.cpp in Sources */,
				8ACB22EC1C52A14300ECAB9F /* TestClass.cpp in Sources */,
				8AB65DAE1C552AAA0061209E /* AudioTripper.cpp in Sources */,
				8AB65DA91C5526F00061209E /* AudioTripperTests.cpp in Sources */,
				8ACB22E51C5176A100ECAB9F /* Hello.cpp in Sources */,
				8ACB22E61C5176A100ECAB9F /* HelloCppBridge.h in Sources */,
				8ACB22E31C51762600ECAB9F /* catch.hpp in Sources */,
				8ACB22E41C51762600ECAB9F /* HelloCppTests.cpp in Sources */,
				8A0043871C70C51700F26F64 /* AiffReader.cpp in Sources */,
				8ACB22DD1C51744C00ECAB9F /* main.cpp in Sources */,
			);
			runOnlyForDeploymentPostprocessing = 0;
		};
/* End PBXSourcesBuildPhase section */

/* Begin PBXTargetDependency section */
		8AC5468B1C5149DB00C33F24 /* PBXTargetDependency */ = {
			isa = PBXTargetDependency;
			target = 8AC546771C5149DA00C33F24 /* AudioTrip */;
			targetProxy = 8AC5468A1C5149DB00C33F24 /* PBXContainerItemProxy */;
		};
		8AC546961C5149DB00C33F24 /* PBXTargetDependency */ = {
			isa = PBXTargetDependency;
			target = 8AC546771C5149DA00C33F24 /* AudioTrip */;
			targetProxy = 8AC546951C5149DB00C33F24 /* PBXContainerItemProxy */;
		};
/* End PBXTargetDependency section */

/* Begin PBXVariantGroup section */
		8AC546811C5149DB00C33F24 /* Main.storyboard */ = {
			isa = PBXVariantGroup;
			children = (
				8AC546821C5149DB00C33F24 /* Base */,
			);
			name = Main.storyboard;
			sourceTree = "<group>";
		};
/* End PBXVariantGroup section */

/* Begin XCBuildConfiguration section */
		8AC5469B1C5149DB00C33F24 /* Debug */ = {
			isa = XCBuildConfiguration;
			buildSettings = {
				ALWAYS_SEARCH_USER_PATHS = NO;
				CLANG_CXX_LANGUAGE_STANDARD = "gnu++0x";
				CLANG_CXX_LIBRARY = "libc++";
				CLANG_ENABLE_MODULES = YES;
				CLANG_ENABLE_OBJC_ARC = YES;
				CLANG_WARN_BOOL_CONVERSION = YES;
				CLANG_WARN_CONSTANT_CONVERSION = YES;
				CLANG_WARN_DIRECT_OBJC_ISA_USAGE = YES_ERROR;
				CLANG_WARN_EMPTY_BODY = YES;
				CLANG_WARN_ENUM_CONVERSION = YES;
				CLANG_WARN_INT_CONVERSION = YES;
				CLANG_WARN_OBJC_ROOT_CLASS = YES_ERROR;
				CLANG_WARN_UNREACHABLE_CODE = YES;
				CLANG_WARN__DUPLICATE_METHOD_MATCH = YES;
				CODE_SIGN_IDENTITY = "-";
				COPY_PHASE_STRIP = NO;
				DEBUG_INFORMATION_FORMAT = dwarf;
				ENABLE_STRICT_OBJC_MSGSEND = YES;
				ENABLE_TESTABILITY = YES;
				GCC_C_LANGUAGE_STANDARD = gnu99;
				GCC_DYNAMIC_NO_PIC = NO;
				GCC_NO_COMMON_BLOCKS = YES;
				GCC_OPTIMIZATION_LEVEL = 0;
				GCC_PREPROCESSOR_DEFINITIONS = (
					"DEBUG=1",
					"$(inherited)",
				);
				GCC_WARN_64_TO_32_BIT_CONVERSION = YES;
				GCC_WARN_ABOUT_RETURN_TYPE = YES_ERROR;
				GCC_WARN_UNDECLARED_SELECTOR = YES;
				GCC_WARN_UNINITIALIZED_AUTOS = YES_AGGRESSIVE;
				GCC_WARN_UNUSED_FUNCTION = YES;
				GCC_WARN_UNUSED_VARIABLE = YES;
				MACOSX_DEPLOYMENT_TARGET = 10.11;
				MTL_ENABLE_DEBUG_INFO = YES;
				ONLY_ACTIVE_ARCH = YES;
				SDKROOT = macosx;
				SWIFT_OPTIMIZATION_LEVEL = "-Onone";
			};
			name = Debug;
		};
		8AC5469C1C5149DB00C33F24 /* Release */ = {
			isa = XCBuildConfiguration;
			buildSettings = {
				ALWAYS_SEARCH_USER_PATHS = NO;
				CLANG_CXX_LANGUAGE_STANDARD = "gnu++0x";
				CLANG_CXX_LIBRARY = "libc++";
				CLANG_ENABLE_MODULES = YES;
				CLANG_ENABLE_OBJC_ARC = YES;
				CLANG_WARN_BOOL_CONVERSION = YES;
				CLANG_WARN_CONSTANT_CONVERSION = YES;
				CLANG_WARN_DIRECT_OBJC_ISA_USAGE = YES_ERROR;
				CLANG_WARN_EMPTY_BODY = YES;
				CLANG_WARN_ENUM_CONVERSION = YES;
				CLANG_WARN_INT_CONVERSION = YES;
				CLANG_WARN_OBJC_ROOT_CLASS = YES_ERROR;
				CLANG_WARN_UNREACHABLE_CODE = YES;
				CLANG_WARN__DUPLICATE_METHOD_MATCH = YES;
				CODE_SIGN_IDENTITY = "-";
				COPY_PHASE_STRIP = NO;
				DEBUG_INFORMATION_FORMAT = "dwarf-with-dsym";
				ENABLE_NS_ASSERTIONS = NO;
				ENABLE_STRICT_OBJC_MSGSEND = YES;
				GCC_C_LANGUAGE_STANDARD = gnu99;
				GCC_NO_COMMON_BLOCKS = YES;
				GCC_WARN_64_TO_32_BIT_CONVERSION = YES;
				GCC_WARN_ABOUT_RETURN_TYPE = YES_ERROR;
				GCC_WARN_UNDECLARED_SELECTOR = YES;
				GCC_WARN_UNINITIALIZED_AUTOS = YES_AGGRESSIVE;
				GCC_WARN_UNUSED_FUNCTION = YES;
				GCC_WARN_UNUSED_VARIABLE = YES;
				MACOSX_DEPLOYMENT_TARGET = 10.11;
				MTL_ENABLE_DEBUG_INFO = NO;
				SDKROOT = macosx;
			};
			name = Release;
		};
		8AC5469E1C5149DB00C33F24 /* Debug */ = {
			isa = XCBuildConfiguration;
			buildSettings = {
				ASSETCATALOG_COMPILER_APPICON_NAME = AppIcon;
				CLANG_ENABLE_MODULES = YES;
				COMBINE_HIDPI_IMAGES = YES;
				INFOPLIST_FILE = AudioTrip/Info.plist;
				LD_RUNPATH_SEARCH_PATHS = "$(inherited) @executable_path/../Frameworks";
				PRODUCT_BUNDLE_IDENTIFIER = com.analogmoment.AudioTrip;
				PRODUCT_NAME = "$(TARGET_NAME)";
				SWIFT_OBJC_BRIDGING_HEADER = "AudioTrip/AudioTrip-Bridging-Header.h";
				SWIFT_OPTIMIZATION_LEVEL = "-Onone";
			};
			name = Debug;
		};
		8AC5469F1C5149DB00C33F24 /* Release */ = {
			isa = XCBuildConfiguration;
			buildSettings = {
				ASSETCATALOG_COMPILER_APPICON_NAME = AppIcon;
				CLANG_ENABLE_MODULES = YES;
				COMBINE_HIDPI_IMAGES = YES;
				INFOPLIST_FILE = AudioTrip/Info.plist;
				LD_RUNPATH_SEARCH_PATHS = "$(inherited) @executable_path/../Frameworks";
				PRODUCT_BUNDLE_IDENTIFIER = com.analogmoment.AudioTrip;
				PRODUCT_NAME = "$(TARGET_NAME)";
				SWIFT_OBJC_BRIDGING_HEADER = "AudioTrip/AudioTrip-Bridging-Header.h";
			};
			name = Release;
		};
		8AC546A11C5149DB00C33F24 /* Debug */ = {
			isa = XCBuildConfiguration;
			buildSettings = {
				BUNDLE_LOADER = "$(TEST_HOST)";
				CLANG_ENABLE_MODULES = YES;
				COMBINE_HIDPI_IMAGES = YES;
				INFOPLIST_FILE = AudioTripTests/Info.plist;
				LD_RUNPATH_SEARCH_PATHS = "$(inherited) @executable_path/../Frameworks @loader_path/../Frameworks";
				PRODUCT_BUNDLE_IDENTIFIER = com.analogmoment.AudioTripTests;
				PRODUCT_NAME = "$(TARGET_NAME)";
				SWIFT_OBJC_BRIDGING_HEADER = "AudioTrip/AudioTripTests-Bridging-Header.h";
				SWIFT_OPTIMIZATION_LEVEL = "-Onone";
				TEST_HOST = "$(BUILT_PRODUCTS_DIR)/AudioTrip.app/Contents/MacOS/AudioTrip";
			};
			name = Debug;
		};
		8AC546A21C5149DB00C33F24 /* Release */ = {
			isa = XCBuildConfiguration;
			buildSettings = {
				BUNDLE_LOADER = "$(TEST_HOST)";
				CLANG_ENABLE_MODULES = YES;
				COMBINE_HIDPI_IMAGES = YES;
				INFOPLIST_FILE = AudioTripTests/Info.plist;
				LD_RUNPATH_SEARCH_PATHS = "$(inherited) @executable_path/../Frameworks @loader_path/../Frameworks";
				PRODUCT_BUNDLE_IDENTIFIER = com.analogmoment.AudioTripTests;
				PRODUCT_NAME = "$(TARGET_NAME)";
				SWIFT_OBJC_BRIDGING_HEADER = "AudioTrip/AudioTripTests-Bridging-Header.h";
				TEST_HOST = "$(BUILT_PRODUCTS_DIR)/AudioTrip.app/Contents/MacOS/AudioTrip";
			};
			name = Release;
		};
		8AC546A41C5149DB00C33F24 /* Debug */ = {
			isa = XCBuildConfiguration;
			buildSettings = {
				CLANG_ENABLE_MODULES = YES;
				COMBINE_HIDPI_IMAGES = YES;
				INFOPLIST_FILE = AudioTripUITests/Info.plist;
				LD_RUNPATH_SEARCH_PATHS = "$(inherited) @executable_path/../Frameworks @loader_path/../Frameworks";
				PRODUCT_BUNDLE_IDENTIFIER = com.analogmoment.AudioTripUITests;
				PRODUCT_NAME = "$(TARGET_NAME)";
				SWIFT_OPTIMIZATION_LEVEL = "-Onone";
				TEST_TARGET_NAME = AudioTrip;
				USES_XCTRUNNER = YES;
			};
			name = Debug;
		};
		8AC546A51C5149DB00C33F24 /* Release */ = {
			isa = XCBuildConfiguration;
			buildSettings = {
				CLANG_ENABLE_MODULES = YES;
				COMBINE_HIDPI_IMAGES = YES;
				INFOPLIST_FILE = AudioTripUITests/Info.plist;
				LD_RUNPATH_SEARCH_PATHS = "$(inherited) @executable_path/../Frameworks @loader_path/../Frameworks";
				PRODUCT_BUNDLE_IDENTIFIER = com.analogmoment.AudioTripUITests;
				PRODUCT_NAME = "$(TARGET_NAME)";
				TEST_TARGET_NAME = AudioTrip;
				USES_XCTRUNNER = YES;
			};
			name = Release;
		};
		8ACB22DF1C51744C00ECAB9F /* Debug */ = {
			isa = XCBuildConfiguration;
			buildSettings = {
				PRODUCT_NAME = "$(TARGET_NAME)";
			};
			name = Debug;
		};
		8ACB22E01C51744C00ECAB9F /* Release */ = {
			isa = XCBuildConfiguration;
			buildSettings = {
				PRODUCT_NAME = "$(TARGET_NAME)";
			};
			name = Release;
		};
/* End XCBuildConfiguration section */

/* Begin XCConfigurationList section */
		8AC546731C5149DA00C33F24 /* Build configuration list for PBXProject "AudioTrip" */ = {
			isa = XCConfigurationList;
			buildConfigurations = (
				8AC5469B1C5149DB00C33F24 /* Debug */,
				8AC5469C1C5149DB00C33F24 /* Release */,
			);
			defaultConfigurationIsVisible = 0;
			defaultConfigurationName = Release;
		};
		8AC5469D1C5149DB00C33F24 /* Build configuration list for PBXNativeTarget "AudioTrip" */ = {
			isa = XCConfigurationList;
			buildConfigurations = (
				8AC5469E1C5149DB00C33F24 /* Debug */,
				8AC5469F1C5149DB00C33F24 /* Release */,
			);
			defaultConfigurationIsVisible = 0;
			defaultConfigurationName = Release;
		};
		8AC546A01C5149DB00C33F24 /* Build configuration list for PBXNativeTarget "AudioTripTests" */ = {
			isa = XCConfigurationList;
			buildConfigurations = (
				8AC546A11C5149DB00C33F24 /* Debug */,
				8AC546A21C5149DB00C33F24 /* Release */,
			);
			defaultConfigurationIsVisible = 0;
			defaultConfigurationName = Release;
		};
		8AC546A31C5149DB00C33F24 /* Build configuration list for PBXNativeTarget "AudioTripUITests" */ = {
			isa = XCConfigurationList;
			buildConfigurations = (
				8AC546A41C5149DB00C33F24 /* Debug */,
				8AC546A51C5149DB00C33F24 /* Release */,
			);
			defaultConfigurationIsVisible = 0;
			defaultConfigurationName = Release;
		};
		8ACB22DE1C51744C00ECAB9F /* Build configuration list for PBXNativeTarget "CPlusPlusTests" */ = {
			isa = XCConfigurationList;
			buildConfigurations = (
				8ACB22DF1C51744C00ECAB9F /* Debug */,
				8ACB22E01C51744C00ECAB9F /* Release */,
			);
			defaultConfigurationIsVisible = 0;
			defaultConfigurationName = Release;
		};
/* End XCConfigurationList section */
	};
	rootObject = 8AC546701C5149DA00C33F24 /* Project object */;
}
